// !$*UTF8*$!
{
	archiveVersion = 1;
	classes = {
	};
	objectVersion = 51;
	objects = {

/* Begin PBXBuildFile section */
		8420F6D323F0633C00BB5894 /* AppDelegate.swift in Sources */ = {isa = PBXBuildFile; fileRef = 8420F6D223F0633C00BB5894 /* AppDelegate.swift */; };
		8420F6D523F0633C00BB5894 /* SceneDelegate.swift in Sources */ = {isa = PBXBuildFile; fileRef = 8420F6D423F0633C00BB5894 /* SceneDelegate.swift */; };
		8420F6D723F0633C00BB5894 /* MainViewController.swift in Sources */ = {isa = PBXBuildFile; fileRef = 8420F6D623F0633C00BB5894 /* MainViewController.swift */; };
		8420F6DA23F0633C00BB5894 /* Main.storyboard in Resources */ = {isa = PBXBuildFile; fileRef = 8420F6D823F0633C00BB5894 /* Main.storyboard */; };
		8420F6DC23F0633E00BB5894 /* Assets.xcassets in Resources */ = {isa = PBXBuildFile; fileRef = 8420F6DB23F0633E00BB5894 /* Assets.xcassets */; };
		8420F6DF23F0633E00BB5894 /* LaunchScreen.storyboard in Resources */ = {isa = PBXBuildFile; fileRef = 8420F6DD23F0633E00BB5894 /* LaunchScreen.storyboard */; };
		848A1E8423F99A6500328766 /* Protocols.swift in Sources */ = {isa = PBXBuildFile; fileRef = 848A1E8323F99A6500328766 /* Protocols.swift */; };
		84907B4423F83A2200F78D08 /* SearchResultCell.swift in Sources */ = {isa = PBXBuildFile; fileRef = 84907B4323F83A2200F78D08 /* SearchResultCell.swift */; };
		84907B4723F83ACB00F78D08 /* SearchResult.swift in Sources */ = {isa = PBXBuildFile; fileRef = 84907B4623F83ACB00F78D08 /* SearchResult.swift */; };
		84B6634823F893880058990D /* NetworkDataSource.swift in Sources */ = {isa = PBXBuildFile; fileRef = 84B6634723F893880058990D /* NetworkDataSource.swift */; };
		CDF94F26FCCF1BCF1E07D5F3 /* Pods_StarWarsChars.framework in Frameworks */ = {isa = PBXBuildFile; fileRef = 5350F265CF8478CFE76CF2CD /* Pods_StarWarsChars.framework */; };
/* End PBXBuildFile section */

/* Begin PBXFileReference section */
		5350F265CF8478CFE76CF2CD /* Pods_StarWarsChars.framework */ = {isa = PBXFileReference; explicitFileType = wrapper.framework; includeInIndex = 0; path = Pods_StarWarsChars.framework; sourceTree = BUILT_PRODUCTS_DIR; };
		8420F6CF23F0633C00BB5894 /* StarWarsChars.app */ = {isa = PBXFileReference; explicitFileType = wrapper.application; includeInIndex = 0; path = StarWarsChars.app; sourceTree = BUILT_PRODUCTS_DIR; };
		8420F6D223F0633C00BB5894 /* AppDelegate.swift */ = {isa = PBXFileReference; lastKnownFileType = sourcecode.swift; path = AppDelegate.swift; sourceTree = "<group>"; };
		8420F6D423F0633C00BB5894 /* SceneDelegate.swift */ = {isa = PBXFileReference; lastKnownFileType = sourcecode.swift; path = SceneDelegate.swift; sourceTree = "<group>"; };
		8420F6D623F0633C00BB5894 /* MainViewController.swift */ = {isa = PBXFileReference; lastKnownFileType = sourcecode.swift; path = MainViewController.swift; sourceTree = "<group>"; };
		8420F6D923F0633C00BB5894 /* Base */ = {isa = PBXFileReference; lastKnownFileType = file.storyboard; name = Base; path = Base.lproj/Main.storyboard; sourceTree = "<group>"; };
		8420F6DB23F0633E00BB5894 /* Assets.xcassets */ = {isa = PBXFileReference; lastKnownFileType = folder.assetcatalog; path = Assets.xcassets; sourceTree = "<group>"; };
		8420F6DE23F0633E00BB5894 /* Base */ = {isa = PBXFileReference; lastKnownFileType = file.storyboard; name = Base; path = Base.lproj/LaunchScreen.storyboard; sourceTree = "<group>"; };
		8420F6E023F0633E00BB5894 /* Info.plist */ = {isa = PBXFileReference; lastKnownFileType = text.plist.xml; path = Info.plist; sourceTree = "<group>"; };
		848A1E8323F99A6500328766 /* Protocols.swift */ = {isa = PBXFileReference; lastKnownFileType = sourcecode.swift; path = Protocols.swift; sourceTree = "<group>"; };
		84907B4323F83A2200F78D08 /* SearchResultCell.swift */ = {isa = PBXFileReference; lastKnownFileType = sourcecode.swift; path = SearchResultCell.swift; sourceTree = "<group>"; };
		84907B4623F83ACB00F78D08 /* SearchResult.swift */ = {isa = PBXFileReference; lastKnownFileType = sourcecode.swift; path = SearchResult.swift; sourceTree = "<group>"; };
		84B6634723F893880058990D /* NetworkDataSource.swift */ = {isa = PBXFileReference; lastKnownFileType = sourcecode.swift; path = NetworkDataSource.swift; sourceTree = "<group>"; };
		ABFF609F18ACCB9774822B08 /* Pods-StarWarsChars.debug.xcconfig */ = {isa = PBXFileReference; includeInIndex = 1; lastKnownFileType = text.xcconfig; name = "Pods-StarWarsChars.debug.xcconfig"; path = "Target Support Files/Pods-StarWarsChars/Pods-StarWarsChars.debug.xcconfig"; sourceTree = "<group>"; };
		DBA07420B7FF51B445719004 /* Pods-StarWarsChars.release.xcconfig */ = {isa = PBXFileReference; includeInIndex = 1; lastKnownFileType = text.xcconfig; name = "Pods-StarWarsChars.release.xcconfig"; path = "Target Support Files/Pods-StarWarsChars/Pods-StarWarsChars.release.xcconfig"; sourceTree = "<group>"; };
/* End PBXFileReference section */

/* Begin PBXFrameworksBuildPhase section */
		8420F6CC23F0633C00BB5894 /* Frameworks */ = {
			isa = PBXFrameworksBuildPhase;
			buildActionMask = 2147483647;
			files = (
				CDF94F26FCCF1BCF1E07D5F3 /* Pods_StarWarsChars.framework in Frameworks */,
			);
			runOnlyForDeploymentPostprocessing = 0;
		};
/* End PBXFrameworksBuildPhase section */

/* Begin PBXGroup section */
		70D5E40885EC2A956C066884 /* Pods */ = {
			isa = PBXGroup;
			children = (
				ABFF609F18ACCB9774822B08 /* Pods-StarWarsChars.debug.xcconfig */,
				DBA07420B7FF51B445719004 /* Pods-StarWarsChars.release.xcconfig */,
			);
			path = Pods;
			sourceTree = "<group>";
		};
		8420F6C623F0633C00BB5894 = {
			isa = PBXGroup;
			children = (
				8420F6D123F0633C00BB5894 /* StarWarsChars */,
				8420F6D023F0633C00BB5894 /* Products */,
				70D5E40885EC2A956C066884 /* Pods */,
				FD655EDB72C90DCC49F810B1 /* Frameworks */,
			);
			sourceTree = "<group>";
		};
		8420F6D023F0633C00BB5894 /* Products */ = {
			isa = PBXGroup;
			children = (
				8420F6CF23F0633C00BB5894 /* StarWarsChars.app */,
			);
			name = Products;
			sourceTree = "<group>";
		};
		8420F6D123F0633C00BB5894 /* StarWarsChars */ = {
			isa = PBXGroup;
			children = (
				848A1E8223F99A2E00328766 /* Protocols */,
				84907B4523F83AAB00F78D08 /* Model */,
				84907B4123F839A600F78D08 /* Supporting Files */,
				84907B4223F839CC00F78D08 /* Cells */,
				8420F6D823F0633C00BB5894 /* Main.storyboard */,
				8420F6D623F0633C00BB5894 /* MainViewController.swift */,
				8420F6DB23F0633E00BB5894 /* Assets.xcassets */,
				8420F6DD23F0633E00BB5894 /* LaunchScreen.storyboard */,
				8420F6E023F0633E00BB5894 /* Info.plist */,
			);
			path = StarWarsChars;
			sourceTree = "<group>";
		};
		848A1E8223F99A2E00328766 /* Protocols */ = {
			isa = PBXGroup;
			children = (
				848A1E8323F99A6500328766 /* Protocols.swift */,
			);
			path = Protocols;
			sourceTree = "<group>";
		};
		84907B4123F839A600F78D08 /* Supporting Files */ = {
			isa = PBXGroup;
			children = (
				8420F6D423F0633C00BB5894 /* SceneDelegate.swift */,
				8420F6D223F0633C00BB5894 /* AppDelegate.swift */,
			);
			path = "Supporting Files";
			sourceTree = "<group>";
		};
		84907B4223F839CC00F78D08 /* Cells */ = {
			isa = PBXGroup;
			children = (
				84907B4323F83A2200F78D08 /* SearchResultCell.swift */,
			);
			path = Cells;
			sourceTree = "<group>";
		};
		84907B4523F83AAB00F78D08 /* Model */ = {
			isa = PBXGroup;
			children = (
				84907B4623F83ACB00F78D08 /* SearchResult.swift */,
				84B6634723F893880058990D /* NetworkDataSource.swift */,
			);
			path = Model;
			sourceTree = "<group>";
		};
		FD655EDB72C90DCC49F810B1 /* Frameworks */ = {
			isa = PBXGroup;
			children = (
				5350F265CF8478CFE76CF2CD /* Pods_StarWarsChars.framework */,
			);
			name = Frameworks;
			sourceTree = "<group>";
		};
/* End PBXGroup section */

/* Begin PBXNativeTarget section */
		8420F6CE23F0633C00BB5894 /* StarWarsChars */ = {
			isa = PBXNativeTarget;
			buildConfigurationList = 8420F6E323F0633E00BB5894 /* Build configuration list for PBXNativeTarget "StarWarsChars" */;
			buildPhases = (
				64E101BE2F1A506E12D2CDE8 /* [CP] Check Pods Manifest.lock */,
				8420F6CB23F0633C00BB5894 /* Sources */,
				8420F6CC23F0633C00BB5894 /* Frameworks */,
				8420F6CD23F0633C00BB5894 /* Resources */,
				BBDFE6A2A0557F7F839BEEEB /* [CP] Embed Pods Frameworks */,
			);
			buildRules = (
			);
			dependencies = (
			);
			name = StarWarsChars;
			productName = StarWarsChars;
			productReference = 8420F6CF23F0633C00BB5894 /* StarWarsChars.app */;
			productType = "com.apple.product-type.application";
		};
/* End PBXNativeTarget section */

/* Begin PBXProject section */
		8420F6C723F0633C00BB5894 /* Project object */ = {
			isa = PBXProject;
			attributes = {
				LastSwiftUpdateCheck = 1130;
				LastUpgradeCheck = 1130;
				ORGANIZATIONNAME = MaximMasov;
				TargetAttributes = {
					8420F6CE23F0633C00BB5894 = {
						CreatedOnToolsVersion = 11.3;
					};
				};
			};
			buildConfigurationList = 8420F6CA23F0633C00BB5894 /* Build configuration list for PBXProject "StarWarsChars" */;
			compatibilityVersion = "Xcode 9.3";
			developmentRegion = en;
			hasScannedForEncodings = 0;
			knownRegions = (
				en,
				Base,
			);
			mainGroup = 8420F6C623F0633C00BB5894;
			productRefGroup = 8420F6D023F0633C00BB5894 /* Products */;
			projectDirPath = "";
			projectRoot = "";
			targets = (
				8420F6CE23F0633C00BB5894 /* StarWarsChars */,
			);
		};
/* End PBXProject section */

/* Begin PBXResourcesBuildPhase section */
		8420F6CD23F0633C00BB5894 /* Resources */ = {
			isa = PBXResourcesBuildPhase;
			buildActionMask = 2147483647;
			files = (
				8420F6DF23F0633E00BB5894 /* LaunchScreen.storyboard in Resources */,
				8420F6DC23F0633E00BB5894 /* Assets.xcassets in Resources */,
				8420F6DA23F0633C00BB5894 /* Main.storyboard in Resources */,
			);
			runOnlyForDeploymentPostprocessing = 0;
		};
/* End PBXResourcesBuildPhase section */

/* Begin PBXShellScriptBuildPhase section */
		64E101BE2F1A506E12D2CDE8 /* [CP] Check Pods Manifest.lock */ = {
			isa = PBXShellScriptBuildPhase;
			buildActionMask = 2147483647;
			files = (
			);
			inputFileListPaths = (
			);
			inputPaths = (
				"${PODS_PODFILE_DIR_PATH}/Podfile.lock",
				"${PODS_ROOT}/Manifest.lock",
			);
			name = "[CP] Check Pods Manifest.lock";
			outputFileListPaths = (
			);
			outputPaths = (
				"$(DERIVED_FILE_DIR)/Pods-StarWarsChars-checkManifestLockResult.txt",
			);
			runOnlyForDeploymentPostprocessing = 0;
			shellPath = /bin/sh;
			shellScript = "diff \"${PODS_PODFILE_DIR_PATH}/Podfile.lock\" \"${PODS_ROOT}/Manifest.lock\" > /dev/null\nif [ $? != 0 ] ; then\n    # print error to STDERR\n    echo \"error: The sandbox is not in sync with the Podfile.lock. Run 'pod install' or update your CocoaPods installation.\" >&2\n    exit 1\nfi\n# This output is used by Xcode 'outputs' to avoid re-running this script phase.\necho \"SUCCESS\" > \"${SCRIPT_OUTPUT_FILE_0}\"\n";
			showEnvVarsInLog = 0;
		};
		BBDFE6A2A0557F7F839BEEEB /* [CP] Embed Pods Frameworks */ = {
			isa = PBXShellScriptBuildPhase;
			buildActionMask = 2147483647;
			files = (
			);
			inputFileListPaths = (
				"${PODS_ROOT}/Target Support Files/Pods-StarWarsChars/Pods-StarWarsChars-frameworks-${CONFIGURATION}-input-files.xcfilelist",
			);
			name = "[CP] Embed Pods Frameworks";
			outputFileListPaths = (
				"${PODS_ROOT}/Target Support Files/Pods-StarWarsChars/Pods-StarWarsChars-frameworks-${CONFIGURATION}-output-files.xcfilelist",
			);
			runOnlyForDeploymentPostprocessing = 0;
			shellPath = /bin/sh;
			shellScript = "\"${PODS_ROOT}/Target Support Files/Pods-StarWarsChars/Pods-StarWarsChars-frameworks.sh\"\n";
			showEnvVarsInLog = 0;
		};
/* End PBXShellScriptBuildPhase section */

/* Begin PBXSourcesBuildPhase section */
		8420F6CB23F0633C00BB5894 /* Sources */ = {
			isa = PBXSourcesBuildPhase;
			buildActionMask = 2147483647;
			files = (
				8420F6D723F0633C00BB5894 /* MainViewController.swift in Sources */,
				84B6634823F893880058990D /* NetworkDataSource.swift in Sources */,
				848A1E8423F99A6500328766 /* Protocols.swift in Sources */,
				8420F6D323F0633C00BB5894 /* AppDelegate.swift in Sources */,
				84907B4723F83ACB00F78D08 /* SearchResult.swift in Sources */,
				84907B4423F83A2200F78D08 /* SearchResultCell.swift in Sources */,
				8420F6D523F0633C00BB5894 /* SceneDelegate.swift in Sources */,
			);
			runOnlyForDeploymentPostprocessing = 0;
		};
/* End PBXSourcesBuildPhase section */

/* Begin PBXVariantGroup section */
		8420F6D823F0633C00BB5894 /* Main.storyboard */ = {
			isa = PBXVariantGroup;
			children = (
				8420F6D923F0633C00BB5894 /* Base */,
			);
			name = Main.storyboard;
			sourceTree = "<group>";
		};
		8420F6DD23F0633E00BB5894 /* LaunchScreen.storyboard */ = {
			isa = PBXVariantGroup;
			children = (
				8420F6DE23F0633E00BB5894 /* Base */,
			);
			name = LaunchScreen.storyboard;
			sourceTree = "<group>";
		};
/* End PBXVariantGroup section */

/* Begin XCBuildConfiguration section */
		8420F6E123F0633E00BB5894 /* Debug */ = {
			isa = XCBuildConfiguration;
			buildSettings = {
				ALWAYS_SEARCH_USER_PATHS = NO;
				CLANG_ANALYZER_NONNULL = YES;
				CLANG_ANALYZER_NUMBER_OBJECT_CONVERSION = YES_AGGRESSIVE;
				CLANG_CXX_LANGUAGE_STANDARD = "gnu++14";
				CLANG_CXX_LIBRARY = "libc++";
				CLANG_ENABLE_MODULES = YES;
				CLANG_ENABLE_OBJC_ARC = YES;
				CLANG_ENABLE_OBJC_WEAK = YES;
				CLANG_WARN_BLOCK_CAPTURE_AUTORELEASING = YES;
				CLANG_WARN_BOOL_CONVERSION = YES;
				CLANG_WARN_COMMA = YES;
				CLANG_WARN_CONSTANT_CONVERSION = YES;
				CLANG_WARN_DEPRECATED_OBJC_IMPLEMENTATIONS = YES;
				CLANG_WARN_DIRECT_OBJC_ISA_USAGE = YES_ERROR;
				CLANG_WARN_DOCUMENTATION_COMMENTS = YES;
				CLANG_WARN_EMPTY_BODY = YES;
				CLANG_WARN_ENUM_CONVERSION = YES;
				CLANG_WARN_INFINITE_RECURSION = YES;
				CLANG_WARN_INT_CONVERSION = YES;
				CLANG_WARN_NON_LITERAL_NULL_CONVERSION = YES;
				CLANG_WARN_OBJC_IMPLICIT_RETAIN_SELF = YES;
				CLANG_WARN_OBJC_LITERAL_CONVERSION = YES;
				CLANG_WARN_OBJC_ROOT_CLASS = YES_ERROR;
				CLANG_WARN_RANGE_LOOP_ANALYSIS = YES;
				CLANG_WARN_STRICT_PROTOTYPES = YES;
				CLANG_WARN_SUSPICIOUS_MOVE = YES;
				CLANG_WARN_UNGUARDED_AVAILABILITY = YES_AGGRESSIVE;
				CLANG_WARN_UNREACHABLE_CODE = YES;
				CLANG_WARN__DUPLICATE_METHOD_MATCH = YES;
				COPY_PHASE_STRIP = NO;
				DEBUG_INFORMATION_FORMAT = dwarf;
				ENABLE_STRICT_OBJC_MSGSEND = YES;
				ENABLE_TESTABILITY = YES;
				GCC_C_LANGUAGE_STANDARD = gnu11;
				GCC_DYNAMIC_NO_PIC = NO;
				GCC_NO_COMMON_BLOCKS = YES;
				GCC_OPTIMIZATION_LEVEL = 0;
				GCC_PREPROCESSOR_DEFINITIONS = (
					"DEBUG=1",
					"$(inherited)",
				);
				GCC_WARN_64_TO_32_BIT_CONVERSION = YES;
				GCC_WARN_ABOUT_RETURN_TYPE = YES_ERROR;
				GCC_WARN_UNDECLARED_SELECTOR = YES;
				GCC_WARN_UNINITIALIZED_AUTOS = YES_AGGRESSIVE;
				GCC_WARN_UNUSED_FUNCTION = YES;
				GCC_WARN_UNUSED_VARIABLE = YES;
				IPHONEOS_DEPLOYMENT_TARGET = 13.2;
				MTL_ENABLE_DEBUG_INFO = INCLUDE_SOURCE;
				MTL_FAST_MATH = YES;
				ONLY_ACTIVE_ARCH = YES;
				SDKROOT = iphoneos;
				SWIFT_ACTIVE_COMPILATION_CONDITIONS = DEBUG;
				SWIFT_OPTIMIZATION_LEVEL = "-Onone";
			};
			name = Debug;
		};
		8420F6E223F0633E00BB5894 /* Release */ = {
			isa = XCBuildConfiguration;
			buildSettings = {
				ALWAYS_SEARCH_USER_PATHS = NO;
				CLANG_ANALYZER_NONNULL = YES;
				CLANG_ANALYZER_NUMBER_OBJECT_CONVERSION = YES_AGGRESSIVE;
				CLANG_CXX_LANGUAGE_STANDARD = "gnu++14";
				CLANG_CXX_LIBRARY = "libc++";
				CLANG_ENABLE_MODULES = YES;
				CLANG_ENABLE_OBJC_ARC = YES;
				CLANG_ENABLE_OBJC_WEAK = YES;
				CLANG_WARN_BLOCK_CAPTURE_AUTORELEASING = YES;
				CLANG_WARN_BOOL_CONVERSION = YES;
				CLANG_WARN_COMMA = YES;
				CLANG_WARN_CONSTANT_CONVERSION = YES;
				CLANG_WARN_DEPRECATED_OBJC_IMPLEMENTATIONS = YES;
				CLANG_WARN_DIRECT_OBJC_ISA_USAGE = YES_ERROR;
				CLANG_WARN_DOCUMENTATION_COMMENTS = YES;
				CLANG_WARN_EMPTY_BODY = YES;
				CLANG_WARN_ENUM_CONVERSION = YES;
				CLANG_WARN_INFINITE_RECURSION = YES;
				CLANG_WARN_INT_CONVERSION = YES;
				CLANG_WARN_NON_LITERAL_NULL_CONVERSION = YES;
				CLANG_WARN_OBJC_IMPLICIT_RETAIN_SELF = YES;
				CLANG_WARN_OBJC_LITERAL_CONVERSION = YES;
				CLANG_WARN_OBJC_ROOT_CLASS = YES_ERROR;
				CLANG_WARN_RANGE_LOOP_ANALYSIS = YES;
				CLANG_WARN_STRICT_PROTOTYPES = YES;
				CLANG_WARN_SUSPICIOUS_MOVE = YES;
				CLANG_WARN_UNGUARDED_AVAILABILITY = YES_AGGRESSIVE;
				CLANG_WARN_UNREACHABLE_CODE = YES;
				CLANG_WARN__DUPLICATE_METHOD_MATCH = YES;
				COPY_PHASE_STRIP = NO;
				DEBUG_INFORMATION_FORMAT = "dwarf-with-dsym";
				ENABLE_NS_ASSERTIONS = NO;
				ENABLE_STRICT_OBJC_MSGSEND = YES;
				GCC_C_LANGUAGE_STANDARD = gnu11;
				GCC_NO_COMMON_BLOCKS = YES;
				GCC_WARN_64_TO_32_BIT_CONVERSION = YES;
				GCC_WARN_ABOUT_RETURN_TYPE = YES_ERROR;
				GCC_WARN_UNDECLARED_SELECTOR = YES;
				GCC_WARN_UNINITIALIZED_AUTOS = YES_AGGRESSIVE;
				GCC_WARN_UNUSED_FUNCTION = YES;
				GCC_WARN_UNUSED_VARIABLE = YES;
				IPHONEOS_DEPLOYMENT_TARGET = 13.2;
				MTL_ENABLE_DEBUG_INFO = NO;
				MTL_FAST_MATH = YES;
				SDKROOT = iphoneos;
				SWIFT_COMPILATION_MODE = wholemodule;
				SWIFT_OPTIMIZATION_LEVEL = "-O";
				VALIDATE_PRODUCT = YES;
			};
			name = Release;
		};
		8420F6E423F0633E00BB5894 /* Debug */ = {
			isa = XCBuildConfiguration;
			baseConfigurationReference = ABFF609F18ACCB9774822B08 /* Pods-StarWarsChars.debug.xcconfig */;
			buildSettings = {
				ASSETCATALOG_COMPILER_APPICON_NAME = AppIcon;
				CODE_SIGN_STYLE = Automatic;
				INFOPLIST_FILE = StarWarsChars/Info.plist;
				LD_RUNPATH_SEARCH_PATHS = (
					"$(inherited)",
					"@executable_path/Frameworks",
				);
				PRODUCT_BUNDLE_IDENTIFIER = com.maccadley.StarWarsChars;
				PRODUCT_NAME = "$(TARGET_NAME)";
				SWIFT_VERSION = 5.0;
				TARGETED_DEVICE_FAMILY = "1,2";
			};
			name = Debug;
		};
		8420F6E523F0633E00BB5894 /* Release */ = {
			isa = XCBuildConfiguration;
			baseConfigurationReference = DBA07420B7FF51B445719004 /* Pods-StarWarsChars.release.xcconfig */;
			buildSettings = {
				ASSETCATALOG_COMPILER_APPICON_NAME = AppIcon;
				CODE_SIGN_STYLE = Automatic;
				INFOPLIST_FILE = StarWarsChars/Info.plist;
				LD_RUNPATH_SEARCH_PATHS = (
					"$(inherited)",
					"@executable_path/Frameworks",
				);
				PRODUCT_BUNDLE_IDENTIFIER = com.maccadley.StarWarsChars;
				PRODUCT_NAME = "$(TARGET_NAME)";
				SWIFT_VERSION = 5.0;
				TARGETED_DEVICE_FAMILY = "1,2";
			};
			name = Release;
		};
/* End XCBuildConfiguration section */

/* Begin XCConfigurationList section */
		8420F6CA23F0633C00BB5894 /* Build configuration list for PBXProject "StarWarsChars" */ = {
			isa = XCConfigurationList;
			buildConfigurations = (
				8420F6E123F0633E00BB5894 /* Debug */,
				8420F6E223F0633E00BB5894 /* Release */,
			);
			defaultConfigurationIsVisible = 0;
			defaultConfigurationName = Release;
		};
		8420F6E323F0633E00BB5894 /* Build configuration list for PBXNativeTarget "StarWarsChars" */ = {
			isa = XCConfigurationList;
			buildConfigurations = (
				8420F6E423F0633E00BB5894 /* Debug */,
				8420F6E523F0633E00BB5894 /* Release */,
			);
			defaultConfigurationIsVisible = 0;
			defaultConfigurationName = Release;
		};
/* End XCConfigurationList section */
	};
	rootObject = 8420F6C723F0633C00BB5894 /* Project object */;
}
